// !$*UTF8*$!
{
	archiveVersion = 1;
	classes = {
	};
	objectVersion = 46;
	objects = {

/* Begin PBXBuildFile section */
		630DBE7C18D197F9009DA0EB /* Foundation.framework in Frameworks */ = {isa = PBXBuildFile; fileRef = 630DBE7B18D197F9009DA0EB /* Foundation.framework */; };
		630DBE7E18D197F9009DA0EB /* CoreGraphics.framework in Frameworks */ = {isa = PBXBuildFile; fileRef = 630DBE7D18D197F9009DA0EB /* CoreGraphics.framework */; };
		630DBE8018D197F9009DA0EB /* UIKit.framework in Frameworks */ = {isa = PBXBuildFile; fileRef = 630DBE7F18D197F9009DA0EB /* UIKit.framework */; };
		630DBE8618D197F9009DA0EB /* InfoPlist.strings in Resources */ = {isa = PBXBuildFile; fileRef = 630DBE8418D197F9009DA0EB /* InfoPlist.strings */; };
		630DBE8818D197F9009DA0EB /* main.m in Sources */ = {isa = PBXBuildFile; fileRef = 630DBE8718D197F9009DA0EB /* main.m */; };
		630DBE9418D197F9009DA0EB /* Images.xcassets in Resources */ = {isa = PBXBuildFile; fileRef = 630DBE9318D197F9009DA0EB /* Images.xcassets */; };
		630DBE9B18D197F9009DA0EB /* XCTest.framework in Frameworks */ = {isa = PBXBuildFile; fileRef = 630DBE9A18D197F9009DA0EB /* XCTest.framework */; };
		630DBE9C18D197F9009DA0EB /* Foundation.framework in Frameworks */ = {isa = PBXBuildFile; fileRef = 630DBE7B18D197F9009DA0EB /* Foundation.framework */; };
		630DBE9D18D197F9009DA0EB /* UIKit.framework in Frameworks */ = {isa = PBXBuildFile; fileRef = 630DBE7F18D197F9009DA0EB /* UIKit.framework */; };
		630DBEA518D197F9009DA0EB /* InfoPlist.strings in Resources */ = {isa = PBXBuildFile; fileRef = 630DBEA318D197F9009DA0EB /* InfoPlist.strings */; };
		630DBEA718D197F9009DA0EB /* ModelpoupoTypeControllerTests.m in Sources */ = {isa = PBXBuildFile; fileRef = 630DBEA618D197F9009DA0EB /* ModelpoupoTypeControllerTests.m */; };
		661B011F1940414100AF449A /* ModelTypeView.m in Sources */ = {isa = PBXBuildFile; fileRef = 661B011D1940414100AF449A /* ModelTypeView.m */; };
		661B01201940414100AF449A /* ModelTypeView_iphone.xib in Resources */ = {isa = PBXBuildFile; fileRef = 661B011E1940414100AF449A /* ModelTypeView_iphone.xib */; };
		6690FDCD193838D300898AA3 /* AppDelegate.m in Sources */ = {isa = PBXBuildFile; fileRef = 6690FDC4193838D300898AA3 /* AppDelegate.m */; };
		6690FDCE193838D300898AA3 /* ModelpoupoTypeController-Info.plist in Resources */ = {isa = PBXBuildFile; fileRef = 6690FDC5193838D300898AA3 /* ModelpoupoTypeController-Info.plist */; };
		6690FDCF193838D300898AA3 /* ModelTypeViewController_iphone.xib in Resources */ = {isa = PBXBuildFile; fileRef = 6690FDC7193838D300898AA3 /* ModelTypeViewController_iphone.xib */; };
		6690FDD519383A8F00898AA3 /* Main_iphone.storyboard in Resources */ = {isa = PBXBuildFile; fileRef = 6690FDD319383A8F00898AA3 /* Main_iphone.storyboard */; };
		6690FDD619383A8F00898AA3 /* Main.storyboard in Resources */ = {isa = PBXBuildFile; fileRef = 6690FDD419383A8F00898AA3 /* Main.storyboard */; };
		6690FDEC19386F9700898AA3 /* ViewController.m in Sources */ = {isa = PBXBuildFile; fileRef = 6690FDE819386F9700898AA3 /* ViewController.m */; };
/* End PBXBuildFile section */

/* Begin PBXContainerItemProxy section */
		630DBE9E18D197F9009DA0EB /* PBXContainerItemProxy */ = {
			isa = PBXContainerItemProxy;
			containerPortal = 630DBE7018D197F9009DA0EB /* Project object */;
			proxyType = 1;
			remoteGlobalIDString = 630DBE7718D197F9009DA0EB;
			remoteInfo = ModelpoupoTypeController;
		};
/* End PBXContainerItemProxy section */

/* Begin PBXFileReference section */
		630DBE7818D197F9009DA0EB /* ModelpoupoTypeController.app */ = {isa = PBXFileReference; explicitFileType = wrapper.application; includeInIndex = 0; path = ModelpoupoTypeController.app; sourceTree = BUILT_PRODUCTS_DIR; };
		630DBE7B18D197F9009DA0EB /* Foundation.framework */ = {isa = PBXFileReference; lastKnownFileType = wrapper.framework; name = Foundation.framework; path = System/Library/Frameworks/Foundation.framework; sourceTree = SDKROOT; };
		630DBE7D18D197F9009DA0EB /* CoreGraphics.framework */ = {isa = PBXFileReference; lastKnownFileType = wrapper.framework; name = CoreGraphics.framework; path = System/Library/Frameworks/CoreGraphics.framework; sourceTree = SDKROOT; };
		630DBE7F18D197F9009DA0EB /* UIKit.framework */ = {isa = PBXFileReference; lastKnownFileType = wrapper.framework; name = UIKit.framework; path = System/Library/Frameworks/UIKit.framework; sourceTree = SDKROOT; };
		630DBE8518D197F9009DA0EB /* en */ = {isa = PBXFileReference; lastKnownFileType = text.plist.strings; name = en; path = en.lproj/InfoPlist.strings; sourceTree = "<group>"; };
		630DBE8718D197F9009DA0EB /* main.m */ = {isa = PBXFileReference; lastKnownFileType = sourcecode.c.objc; path = main.m; sourceTree = "<group>"; };
		630DBE9318D197F9009DA0EB /* Images.xcassets */ = {isa = PBXFileReference; lastKnownFileType = folder.assetcatalog; path = Images.xcassets; sourceTree = "<group>"; };
		630DBE9918D197F9009DA0EB /* ModelpoupoTypeControllerTests.xctest */ = {isa = PBXFileReference; explicitFileType = wrapper.cfbundle; includeInIndex = 0; path = ModelpoupoTypeControllerTests.xctest; sourceTree = BUILT_PRODUCTS_DIR; };
		630DBE9A18D197F9009DA0EB /* XCTest.framework */ = {isa = PBXFileReference; lastKnownFileType = wrapper.framework; name = XCTest.framework; path = Library/Frameworks/XCTest.framework; sourceTree = DEVELOPER_DIR; };
		630DBEA218D197F9009DA0EB /* ModelpoupoTypeControllerTests-Info.plist */ = {isa = PBXFileReference; lastKnownFileType = text.plist.xml; path = "ModelpoupoTypeControllerTests-Info.plist"; sourceTree = "<group>"; };
		630DBEA418D197F9009DA0EB /* en */ = {isa = PBXFileReference; lastKnownFileType = text.plist.strings; name = en; path = en.lproj/InfoPlist.strings; sourceTree = "<group>"; };
		630DBEA618D197F9009DA0EB /* ModelpoupoTypeControllerTests.m */ = {isa = PBXFileReference; lastKnownFileType = sourcecode.c.objc; path = ModelpoupoTypeControllerTests.m; sourceTree = "<group>"; };
		661B011C1940414100AF449A /* ModelTypeView.h */ = {isa = PBXFileReference; fileEncoding = 4; lastKnownFileType = sourcecode.c.h; path = ModelTypeView.h; sourceTree = "<group>"; };
		661B011D1940414100AF449A /* ModelTypeView.m */ = {isa = PBXFileReference; fileEncoding = 4; lastKnownFileType = sourcecode.c.objc; path = ModelTypeView.m; sourceTree = "<group>"; };
		661B011E1940414100AF449A /* ModelTypeView_iphone.xib */ = {isa = PBXFileReference; fileEncoding = 4; lastKnownFileType = file.xib; path = ModelTypeView_iphone.xib; sourceTree = "<group>"; };
		6690FDC3193838D300898AA3 /* AppDelegate.h */ = {isa = PBXFileReference; fileEncoding = 4; lastKnownFileType = sourcecode.c.h; path = AppDelegate.h; sourceTree = "<group>"; };
		6690FDC4193838D300898AA3 /* AppDelegate.m */ = {isa = PBXFileReference; fileEncoding = 4; lastKnownFileType = sourcecode.c.objc; path = AppDelegate.m; sourceTree = "<group>"; };
		6690FDC5193838D300898AA3 /* ModelpoupoTypeController-Info.plist */ = {isa = PBXFileReference; fileEncoding = 4; lastKnownFileType = text.plist.xml; path = "ModelpoupoTypeController-Info.plist"; sourceTree = "<group>"; };
		6690FDC6193838D300898AA3 /* ModelpoupoTypeController-Prefix.pch */ = {isa = PBXFileReference; fileEncoding = 4; lastKnownFileType = sourcecode.c.h; path = "ModelpoupoTypeController-Prefix.pch"; sourceTree = "<group>"; };
		6690FDC7193838D300898AA3 /* ModelTypeViewController_iphone.xib */ = {isa = PBXFileReference; fileEncoding = 4; lastKnownFileType = file.xib; path = ModelTypeViewController_iphone.xib; sourceTree = "<group>"; };
		6690FDD319383A8F00898AA3 /* Main_iphone.storyboard */ = {isa = PBXFileReference; fileEncoding = 4; lastKnownFileType = file.storyboard; path = Main_iphone.storyboard; sourceTree = "<group>"; };
		6690FDD419383A8F00898AA3 /* Main.storyboard */ = {isa = PBXFileReference; fileEncoding = 4; lastKnownFileType = file.storyboard; path = Main.storyboard; sourceTree = "<group>"; };
		6690FDE719386F9700898AA3 /* ViewController.h */ = {isa = PBXFileReference; fileEncoding = 4; lastKnownFileType = sourcecode.c.h; path = ViewController.h; sourceTree = "<group>"; };
		6690FDE819386F9700898AA3 /* ViewController.m */ = {isa = PBXFileReference; fileEncoding = 4; lastKnownFileType = sourcecode.c.objc; path = ViewController.m; sourceTree = "<group>"; };
/* End PBXFileReference section */

/* Begin PBXFrameworksBuildPhase section */
		630DBE7518D197F9009DA0EB /* Frameworks */ = {
			isa = PBXFrameworksBuildPhase;
			buildActionMask = 2147483647;
			files = (
				630DBE7E18D197F9009DA0EB /* CoreGraphics.framework in Frameworks */,
				630DBE8018D197F9009DA0EB /* UIKit.framework in Frameworks */,
				630DBE7C18D197F9009DA0EB /* Foundation.framework in Frameworks */,
			);
			runOnlyForDeploymentPostprocessing = 0;
		};
		630DBE9618D197F9009DA0EB /* Frameworks */ = {
			isa = PBXFrameworksBuildPhase;
			buildActionMask = 2147483647;
			files = (
				630DBE9B18D197F9009DA0EB /* XCTest.framework in Frameworks */,
				630DBE9D18D197F9009DA0EB /* UIKit.framework in Frameworks */,
				630DBE9C18D197F9009DA0EB /* Foundation.framework in Frameworks */,
			);
			runOnlyForDeploymentPostprocessing = 0;
		};
/* End PBXFrameworksBuildPhase section */

/* Begin PBXGroup section */
		630DBE6F18D197F9009DA0EB = {
			isa = PBXGroup;
			children = (
				630DBE8118D197F9009DA0EB /* ModelpoupoTypeController */,
				630DBEA018D197F9009DA0EB /* ModelpoupoTypeControllerTests */,
				630DBE7A18D197F9009DA0EB /* Frameworks */,
				630DBE7918D197F9009DA0EB /* Products */,
			);
			sourceTree = "<group>";
		};
		630DBE7918D197F9009DA0EB /* Products */ = {
			isa = PBXGroup;
			children = (
				630DBE7818D197F9009DA0EB /* ModelpoupoTypeController.app */,
				630DBE9918D197F9009DA0EB /* ModelpoupoTypeControllerTests.xctest */,
			);
			name = Products;
			sourceTree = "<group>";
		};
		630DBE7A18D197F9009DA0EB /* Frameworks */ = {
			isa = PBXGroup;
			children = (
				630DBE7B18D197F9009DA0EB /* Foundation.framework */,
				630DBE7D18D197F9009DA0EB /* CoreGraphics.framework */,
				630DBE7F18D197F9009DA0EB /* UIKit.framework */,
				630DBE9A18D197F9009DA0EB /* XCTest.framework */,
			);
			name = Frameworks;
			sourceTree = "<group>";
		};
		630DBE8118D197F9009DA0EB /* ModelpoupoTypeController */ = {
			isa = PBXGroup;
			children = (
				661B011C1940414100AF449A /* ModelTypeView.h */,
				661B011D1940414100AF449A /* ModelTypeView.m */,
				661B011E1940414100AF449A /* ModelTypeView_iphone.xib */,
				6690FDE719386F9700898AA3 /* ViewController.h */,
				6690FDE819386F9700898AA3 /* ViewController.m */,
				6690FDD319383A8F00898AA3 /* Main_iphone.storyboard */,
				6690FDD419383A8F00898AA3 /* Main.storyboard */,
				6690FDC3193838D300898AA3 /* AppDelegate.h */,
				6690FDC4193838D300898AA3 /* AppDelegate.m */,
				6690FDC5193838D300898AA3 /* ModelpoupoTypeController-Info.plist */,
				6690FDC6193838D300898AA3 /* ModelpoupoTypeController-Prefix.pch */,
				6690FDC7193838D300898AA3 /* ModelTypeViewController_iphone.xib */,
				630DBE9318D197F9009DA0EB /* Images.xcassets */,
				630DBE8218D197F9009DA0EB /* Supporting Files */,
			);
			path = ModelpoupoTypeController;
			sourceTree = "<group>";
		};
		630DBE8218D197F9009DA0EB /* Supporting Files */ = {
			isa = PBXGroup;
			children = (
				630DBE8418D197F9009DA0EB /* InfoPlist.strings */,
				630DBE8718D197F9009DA0EB /* main.m */,
			);
			name = "Supporting Files";
			sourceTree = "<group>";
		};
		630DBEA018D197F9009DA0EB /* ModelpoupoTypeControllerTests */ = {
			isa = PBXGroup;
			children = (
				630DBEA618D197F9009DA0EB /* ModelpoupoTypeControllerTests.m */,
				630DBEA118D197F9009DA0EB /* Supporting Files */,
			);
			path = ModelpoupoTypeControllerTests;
			sourceTree = "<group>";
		};
		630DBEA118D197F9009DA0EB /* Supporting Files */ = {
			isa = PBXGroup;
			children = (
				630DBEA218D197F9009DA0EB /* ModelpoupoTypeControllerTests-Info.plist */,
				630DBEA318D197F9009DA0EB /* InfoPlist.strings */,
			);
			name = "Supporting Files";
			sourceTree = "<group>";
		};
/* End PBXGroup section */

/* Begin PBXNativeTarget section */
		630DBE7718D197F9009DA0EB /* ModelpoupoTypeController */ = {
			isa = PBXNativeTarget;
			buildConfigurationList = 630DBEAA18D197F9009DA0EB /* Build configuration list for PBXNativeTarget "ModelpoupoTypeController" */;
			buildPhases = (
				630DBE7418D197F9009DA0EB /* Sources */,
				630DBE7518D197F9009DA0EB /* Frameworks */,
				630DBE7618D197F9009DA0EB /* Resources */,
			);
			buildRules = (
			);
			dependencies = (
			);
			name = ModelpoupoTypeController;
			productName = ModelpoupoTypeController;
			productReference = 630DBE7818D197F9009DA0EB /* ModelpoupoTypeController.app */;
			productType = "com.apple.product-type.application";
		};
		630DBE9818D197F9009DA0EB /* ModelpoupoTypeControllerTests */ = {
			isa = PBXNativeTarget;
			buildConfigurationList = 630DBEAD18D197F9009DA0EB /* Build configuration list for PBXNativeTarget "ModelpoupoTypeControllerTests" */;
			buildPhases = (
				630DBE9518D197F9009DA0EB /* Sources */,
				630DBE9618D197F9009DA0EB /* Frameworks */,
				630DBE9718D197F9009DA0EB /* Resources */,
			);
			buildRules = (
			);
			dependencies = (
				630DBE9F18D197F9009DA0EB /* PBXTargetDependency */,
			);
			name = ModelpoupoTypeControllerTests;
			productName = ModelpoupoTypeControllerTests;
			productReference = 630DBE9918D197F9009DA0EB /* ModelpoupoTypeControllerTests.xctest */;
			productType = "com.apple.product-type.bundle.unit-test";
		};
/* End PBXNativeTarget section */

/* Begin PBXProject section */
		630DBE7018D197F9009DA0EB /* Project object */ = {
			isa = PBXProject;
			attributes = {
				LastUpgradeCheck = 0500;
				ORGANIZATIONNAME = david;
				TargetAttributes = {
					630DBE9818D197F9009DA0EB = {
						TestTargetID = 630DBE7718D197F9009DA0EB;
					};
				};
			};
			buildConfigurationList = 630DBE7318D197F9009DA0EB /* Build configuration list for PBXProject "ModelpoupoTypeController" */;
			compatibilityVersion = "Xcode 3.2";
			developmentRegion = English;
			hasScannedForEncodings = 0;
			knownRegions = (
				en,
				Base,
			);
			mainGroup = 630DBE6F18D197F9009DA0EB;
			productRefGroup = 630DBE7918D197F9009DA0EB /* Products */;
			projectDirPath = "";
			projectRoot = "";
			targets = (
				630DBE7718D197F9009DA0EB /* ModelpoupoTypeController */,
				630DBE9818D197F9009DA0EB /* ModelpoupoTypeControllerTests */,
			);
		};
/* End PBXProject section */

/* Begin PBXResourcesBuildPhase section */
		630DBE7618D197F9009DA0EB /* Resources */ = {
			isa = PBXResourcesBuildPhase;
			buildActionMask = 2147483647;
			files = (
				6690FDD619383A8F00898AA3 /* Main.storyboard in Resources */,
				630DBE9418D197F9009DA0EB /* Images.xcassets in Resources */,
				6690FDD519383A8F00898AA3 /* Main_iphone.storyboard in Resources */,
				661B01201940414100AF449A /* ModelTypeView_iphone.xib in Resources */,
				630DBE8618D197F9009DA0EB /* InfoPlist.strings in Resources */,
				6690FDCE193838D300898AA3 /* ModelpoupoTypeController-Info.plist in Resources */,
				6690FDCF193838D300898AA3 /* ModelTypeViewController_iphone.xib in Resources */,
			);
			runOnlyForDeploymentPostprocessing = 0;
		};
		630DBE9718D197F9009DA0EB /* Resources */ = {
			isa = PBXResourcesBuildPhase;
			buildActionMask = 2147483647;
			files = (
				630DBEA518D197F9009DA0EB /* InfoPlist.strings in Resources */,
			);
			runOnlyForDeploymentPostprocessing = 0;
		};
/* End PBXResourcesBuildPhase section */

/* Begin PBXSourcesBuildPhase section */
		630DBE7418D197F9009DA0EB /* Sources */ = {
			isa = PBXSourcesBuildPhase;
			buildActionMask = 2147483647;
			files = (
				661B011F1940414100AF449A /* ModelTypeView.m in Sources */,
				6690FDEC19386F9700898AA3 /* ViewController.m in Sources */,
				6690FDCD193838D300898AA3 /* AppDelegate.m in Sources */,
				630DBE8818D197F9009DA0EB /* main.m in Sources */,
			);
			runOnlyForDeploymentPostprocessing = 0;
		};
		630DBE9518D197F9009DA0EB /* Sources */ = {
			isa = PBXSourcesBuildPhase;
			buildActionMask = 2147483647;
			files = (
				630DBEA718D197F9009DA0EB /* ModelpoupoTypeControllerTests.m in Sources */,
			);
			runOnlyForDeploymentPostprocessing = 0;
		};
/* End PBXSourcesBuildPhase section */

/* Begin PBXTargetDependency section */
		630DBE9F18D197F9009DA0EB /* PBXTargetDependency */ = {
			isa = PBXTargetDependency;
			target = 630DBE7718D197F9009DA0EB /* ModelpoupoTypeController */;
			targetProxy = 630DBE9E18D197F9009DA0EB /* PBXContainerItemProxy */;
		};
/* End PBXTargetDependency section */

/* Begin PBXVariantGroup section */
		630DBE8418D197F9009DA0EB /* InfoPlist.strings */ = {
			isa = PBXVariantGroup;
			children = (
				630DBE8518D197F9009DA0EB /* en */,
			);
			name = InfoPlist.strings;
			sourceTree = "<group>";
		};
		630DBEA318D197F9009DA0EB /* InfoPlist.strings */ = {
			isa = PBXVariantGroup;
			children = (
				630DBEA418D197F9009DA0EB /* en */,
			);
			name = InfoPlist.strings;
			sourceTree = "<group>";
		};
/* End PBXVariantGroup section */

/* Begin XCBuildConfiguration section */
		630DBEA818D197F9009DA0EB /* Debug */ = {
			isa = XCBuildConfiguration;
			buildSettings = {
				ALWAYS_SEARCH_USER_PATHS = NO;
				ARCHS = "$(ARCHS_STANDARD_INCLUDING_64_BIT)";
				CLANG_CXX_LANGUAGE_STANDARD = "gnu++0x";
				CLANG_CXX_LIBRARY = "libc++";
				CLANG_ENABLE_MODULES = YES;
				CLANG_ENABLE_OBJC_ARC = YES;
				CLANG_WARN_BOOL_CONVERSION = YES;
				CLANG_WARN_CONSTANT_CONVERSION = YES;
				CLANG_WARN_DIRECT_OBJC_ISA_USAGE = YES_ERROR;
				CLANG_WARN_EMPTY_BODY = YES;
				CLANG_WARN_ENUM_CONVERSION = YES;
				CLANG_WARN_INT_CONVERSION = YES;
				CLANG_WARN_OBJC_ROOT_CLASS = YES_ERROR;
				CLANG_WARN__DUPLICATE_METHOD_MATCH = YES;
				"CODE_SIGN_IDENTITY[sdk=iphoneos*]" = "iPhone Developer";
				COPY_PHASE_STRIP = NO;
				GCC_C_LANGUAGE_STANDARD = gnu99;
				GCC_DYNAMIC_NO_PIC = NO;
				GCC_OPTIMIZATION_LEVEL = 0;
				GCC_PREPROCESSOR_DEFINITIONS = (
					"DEBUG=1",
					"$(inherited)",
				);
				GCC_SYMBOLS_PRIVATE_EXTERN = NO;
				GCC_WARN_64_TO_32_BIT_CONVERSION = YES;
				GCC_WARN_ABOUT_RETURN_TYPE = YES_ERROR;
				GCC_WARN_UNDECLARED_SELECTOR = YES;
				GCC_WARN_UNINITIALIZED_AUTOS = YES;
				GCC_WARN_UNUSED_FUNCTION = YES;
				GCC_WARN_UNUSED_VARIABLE = YES;
				IPHONEOS_DEPLOYMENT_TARGET = 7.0;
				ONLY_ACTIVE_ARCH = YES;
				SDKROOT = iphoneos;
				TARGETED_DEVICE_FAMILY = 2;
			};
			name = Debug;
		};
		630DBEA918D197F9009DA0EB /* Release */ = {
			isa = XCBuildConfiguration;
			buildSettings = {
				ALWAYS_SEARCH_USER_PATHS = NO;
				ARCHS = "$(ARCHS_STANDARD_INCLUDING_64_BIT)";
				CLANG_CXX_LANGUAGE_STANDARD = "gnu++0x";
				CLANG_CXX_LIBRARY = "libc++";
				CLANG_ENABLE_MODULES = YES;
				CLANG_ENABLE_OBJC_ARC = YES;
				CLANG_WARN_BOOL_CONVERSION = YES;
				CLANG_WARN_CONSTANT_CONVERSION = YES;
				CLANG_WARN_DIRECT_OBJC_ISA_USAGE = YES_ERROR;
				CLANG_WARN_EMPTY_BODY = YES;
				CLANG_WARN_ENUM_CONVERSION = YES;
				CLANG_WARN_INT_CONVERSION = YES;
				CLANG_WARN_OBJC_ROOT_CLASS = YES_ERROR;
				CLANG_WARN__DUPLICATE_METHOD_MATCH = YES;
				"CODE_SIGN_IDENTITY[sdk=iphoneos*]" = "iPhone Developer";
				COPY_PHASE_STRIP = YES;
				ENABLE_NS_ASSERTIONS = NO;
				GCC_C_LANGUAGE_STANDARD = gnu99;
				GCC_WARN_64_TO_32_BIT_CONVERSION = YES;
				GCC_WARN_ABOUT_RETURN_TYPE = YES_ERROR;
				GCC_WARN_UNDECLARED_SELECTOR = YES;
				GCC_WARN_UNINITIALIZED_AUTOS = YES;
				GCC_WARN_UNUSED_FUNCTION = YES;
				GCC_WARN_UNUSED_VARIABLE = YES;
				IPHONEOS_DEPLOYMENT_TARGET = 7.0;
				SDKROOT = iphoneos;
				TARGETED_DEVICE_FAMILY = 2;
				VALIDATE_PRODUCT = YES;
			};
			name = Release;
		};
		630DBEAB18D197F9009DA0EB /* Debug */ = {
			isa = XCBuildConfiguration;
			buildSettings = {
				ASSETCATALOG_COMPILER_APPICON_NAME = AppIcon;
				ASSETCATALOG_COMPILER_LAUNCHIMAGE_NAME = LaunchImage;
				CODE_SIGN_IDENTITY = "iPhone Distribution: Xiao Xiang Shuyuan (7Y7NSKD85B)";
				"CODE_SIGN_IDENTITY[sdk=iphoneos*]" = "iPhone Distribution: Xiao Xiang Shuyuan (7Y7NSKD85B)";
				GCC_PRECOMPILE_PREFIX_HEADER = YES;
				GCC_PREFIX_HEADER = "ModelpoupoTypeController/ModelpoupoTypeController-Prefix.pch";
				INFOPLIST_FILE = "ModelpoupoTypeController/ModelpoupoTypeController-Info.plist";
				IPHONEOS_DEPLOYMENT_TARGET = 6.0;
				PRODUCT_NAME = "$(TARGET_NAME)";
				PROVISIONING_PROFILE = "87F96AF4-3B2A-4F77-941D-6A4448F9F94C";
				TARGETED_DEVICE_FAMILY = "1,2";
				WRAPPER_EXTENSION = app;
			};
			name = Debug;
		};
		630DBEAC18D197F9009DA0EB /* Release */ = {
			isa = XCBuildConfiguration;
			buildSettings = {
				ASSETCATALOG_COMPILER_APPICON_NAME = AppIcon;
				ASSETCATALOG_COMPILER_LAUNCHIMAGE_NAME = LaunchImage;
				CODE_SIGN_IDENTITY = "iPhone Distribution: Xiao Xiang Shuyuan (7Y7NSKD85B)";
				"CODE_SIGN_IDENTITY[sdk=iphoneos*]" = "iPhone Distribution: Xiao Xiang Shuyuan (7Y7NSKD85B)";
				GCC_PRECOMPILE_PREFIX_HEADER = YES;
				GCC_PREFIX_HEADER = "ModelpoupoTypeController/ModelpoupoTypeController-Prefix.pch";
				INFOPLIST_FILE = "ModelpoupoTypeController/ModelpoupoTypeController-Info.plist";
				IPHONEOS_DEPLOYMENT_TARGET = 6.0;
				PRODUCT_NAME = "$(TARGET_NAME)";
				PROVISIONING_PROFILE = "87F96AF4-3B2A-4F77-941D-6A4448F9F94C";
				TARGETED_DEVICE_FAMILY = "1,2";
				WRAPPER_EXTENSION = app;
			};
			name = Release;
		};
		630DBEAE18D197F9009DA0EB /* Debug */ = {
			isa = XCBuildConfiguration;
			buildSettings = {
				ARCHS = "$(ARCHS_STANDARD_INCLUDING_64_BIT)";
				BUNDLE_LOADER = "$(BUILT_PRODUCTS_DIR)/ModelpoupoTypeController.app/ModelpoupoTypeController";
				FRAMEWORK_SEARCH_PATHS = (
					"$(SDKROOT)/Developer/Library/Frameworks",
					"$(inherited)",
					"$(DEVELOPER_FRAMEWORKS_DIR)",
				);
				GCC_PRECOMPILE_PREFIX_HEADER = YES;
				GCC_PREFIX_HEADER = "ModelpoupoTypeController/ModelpoupoTypeController-Prefix.pch";
				GCC_PREPROCESSOR_DEFINITIONS = (
					"DEBUG=1",
					"$(inherited)",
				);
				INFOPLIST_FILE = "ModelpoupoTypeControllerTests/ModelpoupoTypeControllerTests-Info.plist";
				PRODUCT_NAME = "$(TARGET_NAME)";
				TEST_HOST = "$(BUNDLE_LOADER)";
				WRAPPER_EXTENSION = xctest;
			};
			name = Debug;
		};
		630DBEAF18D197F9009DA0EB /* Release */ = {
			isa = XCBuildConfiguration;
			buildSettings = {
				ARCHS = "$(ARCHS_STANDARD_INCLUDING_64_BIT)";
				BUNDLE_LOADER = "$(BUILT_PRODUCTS_DIR)/ModelpoupoTypeController.app/ModelpoupoTypeController";
				FRAMEWORK_SEARCH_PATHS = (
					"$(SDKROOT)/Developer/Library/Frameworks",
					"$(inherited)",
					"$(DEVELOPER_FRAMEWORKS_DIR)",
				);
				GCC_PRECOMPILE_PREFIX_HEADER = YES;
				GCC_PREFIX_HEADER = "ModelpoupoTypeController/ModelpoupoTypeController-Prefix.pch";
				INFOPLIST_FILE = "ModelpoupoTypeControllerTests/ModelpoupoTypeControllerTests-Info.plist";
				PRODUCT_NAME = "$(TARGET_NAME)";
				TEST_HOST = "$(BUNDLE_LOADER)";
				WRAPPER_EXTENSION = xctest;
			};
			name = Release;
		};
/* End XCBuildConfiguration section */

/* Begin XCConfigurationList section */
		630DBE7318D197F9009DA0EB /* Build configuration list for PBXProject "ModelpoupoTypeController" */ = {
			isa = XCConfigurationList;
			buildConfigurations = (
				630DBEA818D197F9009DA0EB /* Debug */,
				630DBEA918D197F9009DA0EB /* Release */,
			);
			defaultConfigurationIsVisible = 0;
			defaultConfigurationName = Release;
		};
		630DBEAA18D197F9009DA0EB /* Build configuration list for PBXNativeTarget "ModelpoupoTypeController" */ = {
			isa = XCConfigurationList;
			buildConfigurations = (
				630DBEAB18D197F9009DA0EB /* Debug */,
				630DBEAC18D197F9009DA0EB /* Release */,
			);
			defaultConfigurationIsVisible = 0;
			defaultConfigurationName = Release;
		};
		630DBEAD18D197F9009DA0EB /* Build configuration list for PBXNativeTarget "ModelpoupoTypeControllerTests" */ = {
			isa = XCConfigurationList;
			buildConfigurations = (
				630DBEAE18D197F9009DA0EB /* Debug */,
				630DBEAF18D197F9009DA0EB /* Release */,
			);
			defaultConfigurationIsVisible = 0;
			defaultConfigurationName = Release;
		};
/* End XCConfigurationList section */
	};
	rootObject = 630DBE7018D197F9009DA0EB /* Project object */;
}
